
Microsoft Visual Studio Solution File, Format Version 12.00
# Visual Studio Version 17
VisualStudioVersion = 17.3.32929.385
MinimumVisualStudioVersion = 10.0.40219.1
Project("{FAE04EC0-301F-11D3-BF4B-00C04F79EFBC}") = "DownloadThisPersonExists", "DownloadThisPersonExists\DownloadThisPersonExists.csproj", "{1DA38CD8-D21E-4D02-A5A5-B21B32444C87}"
EndProject
Global
	GlobalSection(SolutionConfigurationPlatforms) = preSolution
		Debug|Any CPU = Debug|Any CPU
		Release|Any CPU = Release|Any CPU
	EndGlobalSection
	GlobalSection(ProjectConfigurationPlatforms) = postSolution
		{1DA38CD8-D21E-4D02-A5A5-B21B32444C87}.Debug|Any CPU.ActiveCfg = Debug|Any CPU
		{1DA38CD8-D21E-4D02-A5A5-B21B32444C87}.Debug|Any CPU.Build.0 = Debug|Any CPU
		{1DA38CD8-D21E-4D02-A5A5-B21B32444C87}.Release|Any CPU.ActiveCfg = Release|Any CPU
		{1DA38CD8-D21E-4D02-A5A5-B21B32444C87}.Release|Any CPU.Build.0 = Release|Any CPU
	EndGlobalSection
	GlobalSection(SolutionProperties) = preSolution
		HideSolutionNode = FALSE
	EndGlobalSection
	GlobalSection(ExtensibilityGlobals) = postSolution
		SolutionGuid = {178BFF7A-459A-4FDA-ABCA-39F962B665D3}
	EndGlobalSection
EndGlobal
